
Microsoft Visual Studio Solution File, Format Version 12.00
# Visual Studio Version 16
VisualStudioVersion = 16.0.30002.166
MinimumVisualStudioVersion = 10.0.40219.1
Project("{F184B08F-C81C-45F6-A57F-5ABD9991F28F}") = "HelloWorldWinform", "HelloWorldWinform\HelloWorldWinform.vbproj", "{CCBB6E6C-7A31-4BDB-96E5-5CA0AE75BBED}"
EndProject
Global
	GlobalSection(SolutionConfigurationPlatforms) = preSolution
		Debug|Any CPU = Debug|Any CPU
		Release|Any CPU = Release|Any CPU
	EndGlobalSection
	GlobalSection(ProjectConfigurationPlatforms) = postSolution
		{CCBB6E6C-7A31-4BDB-96E5-5CA0AE75BBED}.Debug|Any CPU.ActiveCfg = Debug|Any CPU
		{CCBB6E6C-7A31-4BDB-96E5-5CA0AE75BBED}.Debug|Any CPU.Build.0 = Debug|Any CPU
		{CCBB6E6C-7A31-4BDB-96E5-5CA0AE75BBED}.Release|Any CPU.ActiveCfg = Release|Any CPU
		{CCBB6E6C-7A31-4BDB-96E5-5CA0AE75BBED}.Release|Any CPU.Build.0 = Release|Any CPU
	EndGlobalSection
	GlobalSection(SolutionProperties) = preSolution
		HideSolutionNode = FALSE
	EndGlobalSection
	GlobalSection(ExtensibilityGlobals) = postSolution
		SolutionGuid = {658AFA56-A2C5-4B6C-9774-CC70BBE97C7D}
	EndGlobalSection
EndGlobal
